[root]
name = "parallel"
version = "0.6.3"
dependencies = [
 "num_cpus 1.2.0 (registry+https://github.com/rust-lang/crates.io-index)",
 "permutate 0.1.3 (registry+https://github.com/rust-lang/crates.io-index)",
]

[[package]]
name = "libc"
version = "0.2.18"
source = "registry+https://github.com/rust-lang/crates.io-index"

[[package]]
name = "num_cpus"
version = "1.2.0"
source = "registry+https://github.com/rust-lang/crates.io-index"
dependencies = [
 "libc 0.2.18 (registry+https://github.com/rust-lang/crates.io-index)",
]

[[package]]
name = "permutate"
version = "0.1.3"
source = "registry+https://github.com/rust-lang/crates.io-index"

[metadata]
"checksum libc 0.2.18 (registry+https://github.com/rust-lang/crates.io-index)" = "a51822fc847e7a8101514d1d44e354ba2ffa7d4c194dcab48870740e327cac70"
"checksum num_cpus 1.2.0 (registry+https://github.com/rust-lang/crates.io-index)" = "55aabf4e2d6271a2e4e4c0f2ea1f5b07cc589cc1a9e9213013b54a76678ca4f3"
"checksum permutate 0.1.3 (registry+https://github.com/rust-lang/crates.io-index)" = "a96a584a2502ad54ee0be4911b8ca1392a2825f8f976e464c6fd07116ef0e6b9"
