[root]
name = "parallel"
version = "0.7.0"
dependencies = [
 "arrayvec 0.3.20 (registry+https://github.com/rust-lang/crates.io-index)",
 "num_cpus 1.2.0 (registry+https://github.com/rust-lang/crates.io-index)",
 "permutate 0.2.0 (registry+https://github.com/rust-lang/crates.io-index)",
]

[[package]]
name = "arrayvec"
version = "0.3.20"
source = "registry+https://github.com/rust-lang/crates.io-index"
dependencies = [
 "nodrop 0.1.8 (registry+https://github.com/rust-lang/crates.io-index)",
 "odds 0.2.25 (registry+https://github.com/rust-lang/crates.io-index)",
]

[[package]]
name = "libc"
version = "0.2.18"
source = "registry+https://github.com/rust-lang/crates.io-index"

[[package]]
name = "nodrop"
version = "0.1.8"
source = "registry+https://github.com/rust-lang/crates.io-index"
dependencies = [
 "odds 0.2.25 (registry+https://github.com/rust-lang/crates.io-index)",
]

[[package]]
name = "num_cpus"
version = "1.2.0"
source = "registry+https://github.com/rust-lang/crates.io-index"
dependencies = [
 "libc 0.2.18 (registry+https://github.com/rust-lang/crates.io-index)",
]

[[package]]
name = "odds"
version = "0.2.25"
source = "registry+https://github.com/rust-lang/crates.io-index"

[[package]]
name = "permutate"
version = "0.2.0"
source = "registry+https://github.com/rust-lang/crates.io-index"

[metadata]
"checksum arrayvec 0.3.20 (registry+https://github.com/rust-lang/crates.io-index)" = "d89f1b0e242270b5b797778af0c8d182a1a2ccac5d8d6fadf414223cc0fab096"
"checksum libc 0.2.18 (registry+https://github.com/rust-lang/crates.io-index)" = "a51822fc847e7a8101514d1d44e354ba2ffa7d4c194dcab48870740e327cac70"
"checksum nodrop 0.1.8 (registry+https://github.com/rust-lang/crates.io-index)" = "0dbbadd3f4c98dea0bd3d9b4be4c0cdaf1ab57035cb2e41fce3983db5add7cc5"
"checksum num_cpus 1.2.0 (registry+https://github.com/rust-lang/crates.io-index)" = "55aabf4e2d6271a2e4e4c0f2ea1f5b07cc589cc1a9e9213013b54a76678ca4f3"
"checksum odds 0.2.25 (registry+https://github.com/rust-lang/crates.io-index)" = "c3df9b730298cea3a1c3faa90b7e2f9df3a9c400d0936d6015e6165734eefcba"
"checksum permutate 0.2.0 (registry+https://github.com/rust-lang/crates.io-index)" = "1b4ba980af238a6d6fcc0df53fe0d7920376bc4ce2c6ce298992891a230b47a8"
